
Microsoft Visual Studio Solution File, Format Version 11.00
# Visual Studio 2010
Project("{8BC9CEB8-8B4A-11D0-8D11-00A0C91BC942}") = "IMesh.UI", "IMesh.UI\IMesh.vcxproj", "{599BC65F-7626-4180-87C2-7CEECBE42E8E}"
	ProjectSection(ProjectDependencies) = postProject
		{87C98B8E-1707-4278-99CA-0CB59790166D} = {87C98B8E-1707-4278-99CA-0CB59790166D}
		{C8C253A5-30A4-4A8A-8FCF-4B556BAC05D1} = {C8C253A5-30A4-4A8A-8FCF-4B556BAC05D1}
		{54CBE1FC-04A7-4192-8FDC-E3BE73EC53DE} = {54CBE1FC-04A7-4192-8FDC-E3BE73EC53DE}
	EndProjectSection
EndProject
Project("{8BC9CEB8-8B4A-11D0-8D11-00A0C91BC942}") = "IMesh.Norm", "IMesh.Norm\IMesh.Norm.vcxproj", "{54CBE1FC-04A7-4192-8FDC-E3BE73EC53DE}"
EndProject
Project("{8BC9CEB8-8B4A-11D0-8D11-00A0C91BC942}") = "IMesh.Triangulate", "IMesh.Triangulate\IMesh.Triangulate.vcxproj", "{87C98B8E-1707-4278-99CA-0CB59790166D}"
	ProjectSection(ProjectDependencies) = postProject
		{C8C253A5-30A4-4A8A-8FCF-4B556BAC05D1} = {C8C253A5-30A4-4A8A-8FCF-4B556BAC05D1}
		{54CBE1FC-04A7-4192-8FDC-E3BE73EC53DE} = {54CBE1FC-04A7-4192-8FDC-E3BE73EC53DE}
	EndProjectSection
EndProject
Project("{8BC9CEB8-8B4A-11D0-8D11-00A0C91BC942}") = "IMesh.Share", "IMesh.Share\IMesh.Share.vcxproj", "{C8C253A5-30A4-4A8A-8FCF-4B556BAC05D1}"
EndProject
Global
	GlobalSection(SolutionConfigurationPlatforms) = preSolution
		Debug|Win32 = Debug|Win32
		Release|Win32 = Release|Win32
	EndGlobalSection
	GlobalSection(ProjectConfigurationPlatforms) = postSolution
		{599BC65F-7626-4180-87C2-7CEECBE42E8E}.Debug|Win32.ActiveCfg = Debug|Win32
		{599BC65F-7626-4180-87C2-7CEECBE42E8E}.Debug|Win32.Build.0 = Debug|Win32
		{599BC65F-7626-4180-87C2-7CEECBE42E8E}.Release|Win32.ActiveCfg = Release|Win32
		{599BC65F-7626-4180-87C2-7CEECBE42E8E}.Release|Win32.Build.0 = Release|Win32
		{54CBE1FC-04A7-4192-8FDC-E3BE73EC53DE}.Debug|Win32.ActiveCfg = Debug|Win32
		{54CBE1FC-04A7-4192-8FDC-E3BE73EC53DE}.Debug|Win32.Build.0 = Debug|Win32
		{54CBE1FC-04A7-4192-8FDC-E3BE73EC53DE}.Release|Win32.ActiveCfg = Release|Win32
		{54CBE1FC-04A7-4192-8FDC-E3BE73EC53DE}.Release|Win32.Build.0 = Release|Win32
		{87C98B8E-1707-4278-99CA-0CB59790166D}.Debug|Win32.ActiveCfg = Debug|Win32
		{87C98B8E-1707-4278-99CA-0CB59790166D}.Debug|Win32.Build.0 = Debug|Win32
		{87C98B8E-1707-4278-99CA-0CB59790166D}.Release|Win32.ActiveCfg = Release|Win32
		{87C98B8E-1707-4278-99CA-0CB59790166D}.Release|Win32.Build.0 = Release|Win32
		{C8C253A5-30A4-4A8A-8FCF-4B556BAC05D1}.Debug|Win32.ActiveCfg = Debug|Win32
		{C8C253A5-30A4-4A8A-8FCF-4B556BAC05D1}.Debug|Win32.Build.0 = Debug|Win32
		{C8C253A5-30A4-4A8A-8FCF-4B556BAC05D1}.Release|Win32.ActiveCfg = Release|Win32
		{C8C253A5-30A4-4A8A-8FCF-4B556BAC05D1}.Release|Win32.Build.0 = Release|Win32
	EndGlobalSection
	GlobalSection(SolutionProperties) = preSolution
		HideSolutionNode = FALSE
	EndGlobalSection
EndGlobal
