<?xml version="1.0" encoding="utf-8"?>
<Project ToolsVersion="4.0" xmlns="http://schemas.microsoft.com/developer/msbuild/2003">
  <ItemGroup>
    <Filter Include="资源文件">
      <UniqueIdentifier>{67DA6AB6-F800-4c08-8B7A-83BB121AAD01}</UniqueIdentifier>
      <Extensions>rc;ico;cur;bmp;dlg;rc2;rct;bin;rgs;gif;jpg;jpeg;jpe;resx;tiff;tif;png;wav;mfcribbon-ms</Extensions>
    </Filter>
    <Filter Include="window">
      <UniqueIdentifier>{a9a88fca-8a28-465e-a746-ee311273d46f}</UniqueIdentifier>
    </Filter>
    <Filter Include="views">
      <UniqueIdentifier>{0922b8d2-2efe-44a0-8dcd-6d849af6bf78}</UniqueIdentifier>
    </Filter>
    <Filter Include="config">
      <UniqueIdentifier>{44f7ee76-abf4-42f8-9cf4-ddd80cdc60ad}</UniqueIdentifier>
    </Filter>
    <Filter Include="models">
      <UniqueIdentifier>{63940265-484b-433e-9c18-99956157ea07}</UniqueIdentifier>
    </Filter>
    <Filter Include="window\cpp">
      <UniqueIdentifier>{3ea17974-d20a-4f17-8e86-ee5bd83a5d6e}</UniqueIdentifier>
    </Filter>
    <Filter Include="window\header">
      <UniqueIdentifier>{e749cf8e-a727-4bb2-9e78-4f64528f2f58}</UniqueIdentifier>
    </Filter>
    <Filter Include="external">
      <UniqueIdentifier>{e27a659e-d603-476f-88da-d2656693d46d}</UniqueIdentifier>
    </Filter>
    <Filter Include="external\Norm">
      <UniqueIdentifier>{0717a042-5e7f-410a-8074-478364fd3e55}</UniqueIdentifier>
    </Filter>
    <Filter Include="external\Share">
      <UniqueIdentifier>{9a982587-0028-47ac-949f-cad53bc25e1c}</UniqueIdentifier>
    </Filter>
    <Filter Include="DS">
      <UniqueIdentifier>{33fd37f2-da2a-451b-a4ef-d4e5d1123f8f}</UniqueIdentifier>
    </Filter>
    <Filter Include="external\Share\num">
      <UniqueIdentifier>{04f9385f-b891-4173-ac01-ec97dd86babe}</UniqueIdentifier>
    </Filter>
    <Filter Include="external\Share\interface">
      <UniqueIdentifier>{89b35859-1eda-4ae6-bc50-4558d6abe314}</UniqueIdentifier>
    </Filter>
    <Filter Include="external\Triangulate">
      <UniqueIdentifier>{16f0c84d-3153-44cd-b82e-7bcda5bd023f}</UniqueIdentifier>
    </Filter>
    <Filter Include="helpers">
      <UniqueIdentifier>{59080d79-c217-43d7-affa-375d0d91a845}</UniqueIdentifier>
    </Filter>
  </ItemGroup>
  <ItemGroup>
    <None Include="ReadMe.txt" />
    <None Include="res\file_view.ico">
      <Filter>资源文件</Filter>
    </None>
    <None Include="res\file_view_hc.ico">
      <Filter>资源文件</Filter>
    </None>
    <None Include="res\class_view.ico">
      <Filter>资源文件</Filter>
    </None>
    <None Include="res\class_view_hc.ico">
      <Filter>资源文件</Filter>
    </None>
    <None Include="res\fileview.bmp">
      <Filter>资源文件</Filter>
    </None>
    <None Include="res\fileview_hc.bmp">
      <Filter>资源文件</Filter>
    </None>
    <None Include="res\classview.bmp">
      <Filter>资源文件</Filter>
    </None>
    <None Include="res\classview_hc.bmp">
      <Filter>资源文件</Filter>
    </None>
    <None Include="res\explorer.bmp">
      <Filter>资源文件</Filter>
    </None>
    <None Include="res\explorer_hc.bmp">
      <Filter>资源文件</Filter>
    </None>
    <None Include="res\sort.bmp">
      <Filter>资源文件</Filter>
    </None>
    <None Include="res\sort_hc.bmp">
      <Filter>资源文件</Filter>
    </None>
    <None Include="res\menuimages.bmp">
      <Filter>资源文件</Filter>
    </None>
    <None Include="res\menuimages_hc.bmp">
      <Filter>资源文件</Filter>
    </None>
    <None Include="res\output_wnd.ico">
      <Filter>资源文件</Filter>
    </None>
    <None Include="res\output_wnd_hc.ico">
      <Filter>资源文件</Filter>
    </None>
    <None Include="res\properties_wnd.ico">
      <Filter>资源文件</Filter>
    </None>
    <None Include="res\properties_wnd_hc.ico">
      <Filter>资源文件</Filter>
    </None>
    <None Include="res\properties.bmp">
      <Filter>资源文件</Filter>
    </None>
    <None Include="res\properties_hc.bmp">
      <Filter>资源文件</Filter>
    </None>
    <None Include="UserImages.bmp">
      <Filter>资源文件</Filter>
    </None>
    <None Include="res\IMesh.rc2">
      <Filter>资源文件</Filter>
    </None>
    <None Include="res\IMeshDoc.ico">
      <Filter>资源文件</Filter>
    </None>
    <None Include="res\IMesh.ico">
      <Filter>资源文件</Filter>
    </None>
    <None Include="res\Toolbar.bmp">
      <Filter>资源文件</Filter>
    </None>
    <None Include="res\Toolbar256.bmp">
      <Filter>资源文件</Filter>
    </None>
  </ItemGroup>
  <ItemGroup>
    <ClInclude Include="Visualizer.h">
      <Filter>views</Filter>
    </ClInclude>
    <ClInclude Include="Camera.h">
      <Filter>views</Filter>
    </ClInclude>
    <ClInclude Include="Projection.h">
      <Filter>views</Filter>
    </ClInclude>
    <ClInclude Include="Config.h">
      <Filter>config</Filter>
    </ClInclude>
    <ClInclude Include="IModel.h">
      <Filter>models</Filter>
    </ClInclude>
    <ClInclude Include="Grid.h">
      <Filter>models</Filter>
    </ClInclude>
    <ClInclude Include="Axis.h">
      <Filter>models</Filter>
    </ClInclude>
    <ClInclude Include="Scene.h">
      <Filter>models</Filter>
    </ClInclude>
    <ClInclude Include="Layer.h">
      <Filter>models</Filter>
    </ClInclude>
    <ClInclude Include="ChildFrm.h">
      <Filter>window\header</Filter>
    </ClInclude>
    <ClInclude Include="ViewTree.h">
      <Filter>window\header</Filter>
    </ClInclude>
    <ClInclude Include="ClassView.h">
      <Filter>window\header</Filter>
    </ClInclude>
    <ClInclude Include="FileView.h">
      <Filter>window\header</Filter>
    </ClInclude>
    <ClInclude Include="IMesh.h">
      <Filter>window\header</Filter>
    </ClInclude>
    <ClInclude Include="IMeshDoc.h">
      <Filter>window\header</Filter>
    </ClInclude>
    <ClInclude Include="IMeshView.h">
      <Filter>window\header</Filter>
    </ClInclude>
    <ClInclude Include="Macro.h">
      <Filter>window\header</Filter>
    </ClInclude>
    <ClInclude Include="MainFrm.h">
      <Filter>window\header</Filter>
    </ClInclude>
    <ClInclude Include="OutputWnd.h">
      <Filter>window\header</Filter>
    </ClInclude>
    <ClInclude Include="PropertiesWnd.h">
      <Filter>window\header</Filter>
    </ClInclude>
    <ClInclude Include="Resource.h">
      <Filter>window\header</Filter>
    </ClInclude>
    <ClInclude Include="stdafx.h">
      <Filter>window\header</Filter>
    </ClInclude>
    <ClInclude Include="targetver.h">
      <Filter>window\header</Filter>
    </ClInclude>
    <ClInclude Include="Structures.h">
      <Filter>DS</Filter>
    </ClInclude>
    <ClInclude Include="Sphere.h">
      <Filter>models</Filter>
    </ClInclude>
    <ClInclude Include="Triangle.h">
      <Filter>models</Filter>
    </ClInclude>
    <ClInclude Include="Vertex.h">
      <Filter>models</Filter>
    </ClInclude>
    <ClInclude Include="Edge.h">
      <Filter>models</Filter>
    </ClInclude>
    <ClInclude Include="..\IMesh.Norm\MST.h">
      <Filter>external\Norm</Filter>
    </ClInclude>
    <ClInclude Include="..\IMesh.Norm\Vec.h">
      <Filter>external\Norm</Filter>
    </ClInclude>
    <ClInclude Include="..\IMesh.Norm\Matrix.h">
      <Filter>external\Norm</Filter>
    </ClInclude>
    <ClInclude Include="..\IMesh.Norm\Cloud.h">
      <Filter>external\Norm</Filter>
    </ClInclude>
    <ClInclude Include="..\IMesh.Share\vec.h">
      <Filter>external\Share\num</Filter>
    </ClInclude>
    <ClInclude Include="..\IMesh.Share\Event.h">
      <Filter>external\Share\interface</Filter>
    </ClInclude>
    <ClInclude Include="..\IMesh.Share\EventArg.h">
      <Filter>external\Share\interface</Filter>
    </ClInclude>
    <ClInclude Include="..\IMesh.Share\EventListener.h">
      <Filter>external\Share\interface</Filter>
    </ClInclude>
    <ClInclude Include="CloudLoader.h">
      <Filter>DS</Filter>
    </ClInclude>
    <ClInclude Include="..\IMesh.Triangulate\EventCommon.h">
      <Filter>external\Triangulate</Filter>
    </ClInclude>
    <ClInclude Include="..\IMesh.Triangulate\TriangulationHandler.h">
      <Filter>external\Triangulate</Filter>
    </ClInclude>
    <ClInclude Include="..\IMesh.Triangulate\EdgePivot.h">
      <Filter>external\Triangulate</Filter>
    </ClInclude>
    <ClInclude Include="..\IMesh.Triangulate\SeedSelection.h">
      <Filter>external\Triangulate</Filter>
    </ClInclude>
    <ClInclude Include="..\IMesh.Triangulate\CloudInit.h">
      <Filter>external\Triangulate</Filter>
    </ClInclude>
    <ClInclude Include="CloudLayer.h">
      <Filter>models</Filter>
    </ClInclude>
    <ClInclude Include="MeshLayer.h">
      <Filter>models</Filter>
    </ClInclude>
    <ClInclude Include="PositionHelper.h">
      <Filter>helpers</Filter>
    </ClInclude>
    <ClInclude Include="ModelViewAdjuster.h">
      <Filter>helpers</Filter>
    </ClInclude>
    <ClInclude Include="MeshHelper.h">
      <Filter>helpers</Filter>
    </ClInclude>
    <ClInclude Include="TriangulateEventListener.h">
      <Filter>DS</Filter>
    </ClInclude>
    <ClInclude Include="IAnimation.h">
      <Filter>models</Filter>
    </ClInclude>
    <ClInclude Include="DisplayDialog.h">
      <Filter>window\header</Filter>
    </ClInclude>
  </ItemGroup>
  <ItemGroup>
    <ClCompile Include="ChildFrm.cpp">
      <Filter>window\cpp</Filter>
    </ClCompile>
    <ClCompile Include="ViewTree.cpp">
      <Filter>window\cpp</Filter>
    </ClCompile>
    <ClCompile Include="ClassView.cpp">
      <Filter>window\cpp</Filter>
    </ClCompile>
    <ClCompile Include="FileView.cpp">
      <Filter>window\cpp</Filter>
    </ClCompile>
    <ClCompile Include="IMesh.cpp">
      <Filter>window\cpp</Filter>
    </ClCompile>
    <ClCompile Include="IMeshDoc.cpp">
      <Filter>window\cpp</Filter>
    </ClCompile>
    <ClCompile Include="IMeshView.cpp">
      <Filter>window\cpp</Filter>
    </ClCompile>
    <ClCompile Include="MainFrm.cpp">
      <Filter>window\cpp</Filter>
    </ClCompile>
    <ClCompile Include="OutputWnd.cpp">
      <Filter>window\cpp</Filter>
    </ClCompile>
    <ClCompile Include="PropertiesWnd.cpp">
      <Filter>window\cpp</Filter>
    </ClCompile>
    <ClCompile Include="stdafx.cpp">
      <Filter>window\cpp</Filter>
    </ClCompile>
    <ClCompile Include="Visualizer.cpp">
      <Filter>views</Filter>
    </ClCompile>
    <ClCompile Include="Camera.cpp">
      <Filter>views</Filter>
    </ClCompile>
    <ClCompile Include="Projection.cpp">
      <Filter>views</Filter>
    </ClCompile>
    <ClCompile Include="Config.cpp">
      <Filter>config</Filter>
    </ClCompile>
    <ClCompile Include="IModel.cpp">
      <Filter>models</Filter>
    </ClCompile>
    <ClCompile Include="Grid.cpp">
      <Filter>models</Filter>
    </ClCompile>
    <ClCompile Include="Axis.cpp">
      <Filter>models</Filter>
    </ClCompile>
    <ClCompile Include="Scene.cpp">
      <Filter>models</Filter>
    </ClCompile>
    <ClCompile Include="Layer.cpp">
      <Filter>models</Filter>
    </ClCompile>
    <ClCompile Include="Sphere.cpp">
      <Filter>models</Filter>
    </ClCompile>
    <ClCompile Include="Triangle.cpp">
      <Filter>models</Filter>
    </ClCompile>
    <ClCompile Include="Vertex.cpp">
      <Filter>models</Filter>
    </ClCompile>
    <ClCompile Include="Edge.cpp">
      <Filter>models</Filter>
    </ClCompile>
    <ClCompile Include="CloudLoader.cpp">
      <Filter>DS</Filter>
    </ClCompile>
    <ClCompile Include="Structures.cpp">
      <Filter>DS</Filter>
    </ClCompile>
    <ClCompile Include="CloudLayer.cpp">
      <Filter>models</Filter>
    </ClCompile>
    <ClCompile Include="MeshLayer.cpp">
      <Filter>models</Filter>
    </ClCompile>
    <ClCompile Include="PositionHelper.cpp">
      <Filter>helpers</Filter>
    </ClCompile>
    <ClCompile Include="ModelViewAdjuster.cpp">
      <Filter>helpers</Filter>
    </ClCompile>
    <ClCompile Include="MeshHelper.cpp">
      <Filter>helpers</Filter>
    </ClCompile>
    <ClCompile Include="TriangulateEventListener.cpp">
      <Filter>DS</Filter>
    </ClCompile>
    <ClCompile Include="IAnimation.cpp">
      <Filter>models</Filter>
    </ClCompile>
    <ClCompile Include="DisplayDialog.cpp">
      <Filter>window\cpp</Filter>
    </ClCompile>
  </ItemGroup>
  <ItemGroup>
    <ResourceCompile Include="IMesh.rc">
      <Filter>资源文件</Filter>
    </ResourceCompile>
  </ItemGroup>
</Project>